
Microsoft Visual Studio Solution File, Format Version 12.00
# Visual Studio 15
VisualStudioVersion = 15.0.27428.2043
MinimumVisualStudioVersion = 10.0.40219.1
Project("{FAE04EC0-301F-11D3-BF4B-00C04F79EFBC}") = "PurpleBrick", "PurpleBrick\PurpleBrick.csproj", "{C6540DED-A4A0-463E-B775-02550DC7E6FC}"
EndProject
Global
	GlobalSection(SolutionConfigurationPlatforms) = preSolution
		Debug|Any CPU = Debug|Any CPU
		Release|Any CPU = Release|Any CPU
	EndGlobalSection
	GlobalSection(ProjectConfigurationPlatforms) = postSolution
		{C6540DED-A4A0-463E-B775-02550DC7E6FC}.Debug|Any CPU.ActiveCfg = Debug|Any CPU
		{C6540DED-A4A0-463E-B775-02550DC7E6FC}.Debug|Any CPU.Build.0 = Debug|Any CPU
		{C6540DED-A4A0-463E-B775-02550DC7E6FC}.Release|Any CPU.ActiveCfg = Release|Any CPU
		{C6540DED-A4A0-463E-B775-02550DC7E6FC}.Release|Any CPU.Build.0 = Release|Any CPU
	EndGlobalSection
	GlobalSection(SolutionProperties) = preSolution
		HideSolutionNode = FALSE
	EndGlobalSection
	GlobalSection(ExtensibilityGlobals) = postSolution
		SolutionGuid = {8655AFE4-4113-4173-BCF0-7FF4A02636EE}
	EndGlobalSection
EndGlobal
